// !$*UTF8*$!
{
	archiveVersion = 1;
	classes = {
	};
	objectVersion = 50;
	objects = {

/* Begin PBXBuildFile section */
		FB29C9392390B625004DB4E2 /* PlaylistViewController.swift in Sources */ = {isa = PBXBuildFile; fileRef = FB29C9382390B625004DB4E2 /* PlaylistViewController.swift */; };
		FB29C93B2390BA8E004DB4E2 /* PlaylistGroupTableViewCell.swift in Sources */ = {isa = PBXBuildFile; fileRef = FB29C93A2390BA8E004DB4E2 /* PlaylistGroupTableViewCell.swift */; };
		FB29C93D2390BD3F004DB4E2 /* PlaylistCollectionViewCell.swift in Sources */ = {isa = PBXBuildFile; fileRef = FB29C93C2390BD3F004DB4E2 /* PlaylistCollectionViewCell.swift */; };
		FBB2941E23909B7D00ECDC43 /* AppDelegate.swift in Sources */ = {isa = PBXBuildFile; fileRef = FBB2941D23909B7D00ECDC43 /* AppDelegate.swift */; };
		FBB2942023909B7D00ECDC43 /* ViewController.swift in Sources */ = {isa = PBXBuildFile; fileRef = FBB2941F23909B7D00ECDC43 /* ViewController.swift */; };
		FBB2942323909B7D00ECDC43 /* Main.storyboard in Resources */ = {isa = PBXBuildFile; fileRef = FBB2942123909B7D00ECDC43 /* Main.storyboard */; };
		FBB2942523909B8100ECDC43 /* Assets.xcassets in Resources */ = {isa = PBXBuildFile; fileRef = FBB2942423909B8100ECDC43 /* Assets.xcassets */; };
		FBB2942823909B8100ECDC43 /* LaunchScreen.storyboard in Resources */ = {isa = PBXBuildFile; fileRef = FBB2942623909B8100ECDC43 /* LaunchScreen.storyboard */; };
		FBB294302390A15E00ECDC43 /* PersonCollectionViewCell.swift in Sources */ = {isa = PBXBuildFile; fileRef = FBB2942F2390A15E00ECDC43 /* PersonCollectionViewCell.swift */; };
/* End PBXBuildFile section */

/* Begin PBXFileReference section */
		FB29C9382390B625004DB4E2 /* PlaylistViewController.swift */ = {isa = PBXFileReference; lastKnownFileType = sourcecode.swift; path = PlaylistViewController.swift; sourceTree = "<group>"; };
		FB29C93A2390BA8E004DB4E2 /* PlaylistGroupTableViewCell.swift */ = {isa = PBXFileReference; lastKnownFileType = sourcecode.swift; path = PlaylistGroupTableViewCell.swift; sourceTree = "<group>"; };
		FB29C93C2390BD3F004DB4E2 /* PlaylistCollectionViewCell.swift */ = {isa = PBXFileReference; lastKnownFileType = sourcecode.swift; path = PlaylistCollectionViewCell.swift; sourceTree = "<group>"; };
		FBB2941A23909B7D00ECDC43 /* Clase6.app */ = {isa = PBXFileReference; explicitFileType = wrapper.application; includeInIndex = 0; path = Clase6.app; sourceTree = BUILT_PRODUCTS_DIR; };
		FBB2941D23909B7D00ECDC43 /* AppDelegate.swift */ = {isa = PBXFileReference; lastKnownFileType = sourcecode.swift; path = AppDelegate.swift; sourceTree = "<group>"; };
		FBB2941F23909B7D00ECDC43 /* ViewController.swift */ = {isa = PBXFileReference; lastKnownFileType = sourcecode.swift; path = ViewController.swift; sourceTree = "<group>"; };
		FBB2942223909B7D00ECDC43 /* Base */ = {isa = PBXFileReference; lastKnownFileType = file.storyboard; name = Base; path = Base.lproj/Main.storyboard; sourceTree = "<group>"; };
		FBB2942423909B8100ECDC43 /* Assets.xcassets */ = {isa = PBXFileReference; lastKnownFileType = folder.assetcatalog; path = Assets.xcassets; sourceTree = "<group>"; };
		FBB2942723909B8100ECDC43 /* Base */ = {isa = PBXFileReference; lastKnownFileType = file.storyboard; name = Base; path = Base.lproj/LaunchScreen.storyboard; sourceTree = "<group>"; };
		FBB2942923909B8100ECDC43 /* Info.plist */ = {isa = PBXFileReference; lastKnownFileType = text.plist.xml; path = Info.plist; sourceTree = "<group>"; };
		FBB2942F2390A15E00ECDC43 /* PersonCollectionViewCell.swift */ = {isa = PBXFileReference; lastKnownFileType = sourcecode.swift; path = PersonCollectionViewCell.swift; sourceTree = "<group>"; };
/* End PBXFileReference section */

/* Begin PBXFrameworksBuildPhase section */
		FBB2941723909B7D00ECDC43 /* Frameworks */ = {
			isa = PBXFrameworksBuildPhase;
			buildActionMask = 2147483647;
			files = (
			);
			runOnlyForDeploymentPostprocessing = 0;
		};
/* End PBXFrameworksBuildPhase section */

/* Begin PBXGroup section */
		FBB2941123909B7D00ECDC43 = {
			isa = PBXGroup;
			children = (
				FBB2941C23909B7D00ECDC43 /* Clase6 */,
				FBB2941B23909B7D00ECDC43 /* Products */,
			);
			sourceTree = "<group>";
		};
		FBB2941B23909B7D00ECDC43 /* Products */ = {
			isa = PBXGroup;
			children = (
				FBB2941A23909B7D00ECDC43 /* Clase6.app */,
			);
			name = Products;
			sourceTree = "<group>";
		};
		FBB2941C23909B7D00ECDC43 /* Clase6 */ = {
			isa = PBXGroup;
			children = (
				FBB2941D23909B7D00ECDC43 /* AppDelegate.swift */,
				FBB2941F23909B7D00ECDC43 /* ViewController.swift */,
				FBB2942123909B7D00ECDC43 /* Main.storyboard */,
				FBB2942423909B8100ECDC43 /* Assets.xcassets */,
				FBB2942623909B8100ECDC43 /* LaunchScreen.storyboard */,
				FBB2942923909B8100ECDC43 /* Info.plist */,
				FBB2942F2390A15E00ECDC43 /* PersonCollectionViewCell.swift */,
				FB29C9382390B625004DB4E2 /* PlaylistViewController.swift */,
				FB29C93A2390BA8E004DB4E2 /* PlaylistGroupTableViewCell.swift */,
				FB29C93C2390BD3F004DB4E2 /* PlaylistCollectionViewCell.swift */,
			);
			path = Clase6;
			sourceTree = "<group>";
		};
/* End PBXGroup section */

/* Begin PBXNativeTarget section */
		FBB2941923909B7D00ECDC43 /* Clase6 */ = {
			isa = PBXNativeTarget;
			buildConfigurationList = FBB2942C23909B8100ECDC43 /* Build configuration list for PBXNativeTarget "Clase6" */;
			buildPhases = (
				FBB2941623909B7D00ECDC43 /* Sources */,
				FBB2941723909B7D00ECDC43 /* Frameworks */,
				FBB2941823909B7D00ECDC43 /* Resources */,
			);
			buildRules = (
			);
			dependencies = (
			);
			name = Clase6;
			productName = Clase6;
			productReference = FBB2941A23909B7D00ECDC43 /* Clase6.app */;
			productType = "com.apple.product-type.application";
		};
/* End PBXNativeTarget section */

/* Begin PBXProject section */
		FBB2941223909B7D00ECDC43 /* Project object */ = {
			isa = PBXProject;
			attributes = {
				LastSwiftUpdateCheck = 1010;
				LastUpgradeCheck = 1010;
				ORGANIZATIONNAME = "Area51 Training Center";
				TargetAttributes = {
					FBB2941923909B7D00ECDC43 = {
						CreatedOnToolsVersion = 10.1;
					};
				};
			};
			buildConfigurationList = FBB2941523909B7D00ECDC43 /* Build configuration list for PBXProject "Clase6" */;
			compatibilityVersion = "Xcode 9.3";
			developmentRegion = en;
			hasScannedForEncodings = 0;
			knownRegions = (
				en,
				Base,
			);
			mainGroup = FBB2941123909B7D00ECDC43;
			productRefGroup = FBB2941B23909B7D00ECDC43 /* Products */;
			projectDirPath = "";
			projectRoot = "";
			targets = (
				FBB2941923909B7D00ECDC43 /* Clase6 */,
			);
		};
/* End PBXProject section */

/* Begin PBXResourcesBuildPhase section */
		FBB2941823909B7D00ECDC43 /* Resources */ = {
			isa = PBXResourcesBuildPhase;
			buildActionMask = 2147483647;
			files = (
				FBB2942823909B8100ECDC43 /* LaunchScreen.storyboard in Resources */,
				FBB2942523909B8100ECDC43 /* Assets.xcassets in Resources */,
				FBB2942323909B7D00ECDC43 /* Main.storyboard in Resources */,
			);
			runOnlyForDeploymentPostprocessing = 0;
		};
/* End PBXResourcesBuildPhase section */

/* Begin PBXSourcesBuildPhase section */
		FBB2941623909B7D00ECDC43 /* Sources */ = {
			isa = PBXSourcesBuildPhase;
			buildActionMask = 2147483647;
			files = (
				FB29C9392390B625004DB4E2 /* PlaylistViewController.swift in Sources */,
				FBB2942023909B7D00ECDC43 /* ViewController.swift in Sources */,
				FBB294302390A15E00ECDC43 /* PersonCollectionViewCell.swift in Sources */,
				FB29C93B2390BA8E004DB4E2 /* PlaylistGroupTableViewCell.swift in Sources */,
				FB29C93D2390BD3F004DB4E2 /* PlaylistCollectionViewCell.swift in Sources */,
				FBB2941E23909B7D00ECDC43 /* AppDelegate.swift in Sources */,
			);
			runOnlyForDeploymentPostprocessing = 0;
		};
/* End PBXSourcesBuildPhase section */

/* Begin PBXVariantGroup section */
		FBB2942123909B7D00ECDC43 /* Main.storyboard */ = {
			isa = PBXVariantGroup;
			children = (
				FBB2942223909B7D00ECDC43 /* Base */,
			);
			name = Main.storyboard;
			sourceTree = "<group>";
		};
		FBB2942623909B8100ECDC43 /* LaunchScreen.storyboard */ = {
			isa = PBXVariantGroup;
			children = (
				FBB2942723909B8100ECDC43 /* Base */,
			);
			name = LaunchScreen.storyboard;
			sourceTree = "<group>";
		};
/* End PBXVariantGroup section */

/* Begin XCBuildConfiguration section */
		FBB2942A23909B8100ECDC43 /* Debug */ = {
			isa = XCBuildConfiguration;
			buildSettings = {
				ALWAYS_SEARCH_USER_PATHS = NO;
				CLANG_ANALYZER_NONNULL = YES;
				CLANG_ANALYZER_NUMBER_OBJECT_CONVERSION = YES_AGGRESSIVE;
				CLANG_CXX_LANGUAGE_STANDARD = "gnu++14";
				CLANG_CXX_LIBRARY = "libc++";
				CLANG_ENABLE_MODULES = YES;
				CLANG_ENABLE_OBJC_ARC = YES;
				CLANG_ENABLE_OBJC_WEAK = YES;
				CLANG_WARN_BLOCK_CAPTURE_AUTORELEASING = YES;
				CLANG_WARN_BOOL_CONVERSION = YES;
				CLANG_WARN_COMMA = YES;
				CLANG_WARN_CONSTANT_CONVERSION = YES;
				CLANG_WARN_DEPRECATED_OBJC_IMPLEMENTATIONS = YES;
				CLANG_WARN_DIRECT_OBJC_ISA_USAGE = YES_ERROR;
				CLANG_WARN_DOCUMENTATION_COMMENTS = YES;
				CLANG_WARN_EMPTY_BODY = YES;
				CLANG_WARN_ENUM_CONVERSION = YES;
				CLANG_WARN_INFINITE_RECURSION = YES;
				CLANG_WARN_INT_CONVERSION = YES;
				CLANG_WARN_NON_LITERAL_NULL_CONVERSION = YES;
				CLANG_WARN_OBJC_IMPLICIT_RETAIN_SELF = YES;
				CLANG_WARN_OBJC_LITERAL_CONVERSION = YES;
				CLANG_WARN_OBJC_ROOT_CLASS = YES_ERROR;
				CLANG_WARN_RANGE_LOOP_ANALYSIS = YES;
				CLANG_WARN_STRICT_PROTOTYPES = YES;
				CLANG_WARN_SUSPICIOUS_MOVE = YES;
				CLANG_WARN_UNGUARDED_AVAILABILITY = YES_AGGRESSIVE;
				CLANG_WARN_UNREACHABLE_CODE = YES;
				CLANG_WARN__DUPLICATE_METHOD_MATCH = YES;
				CODE_SIGN_IDENTITY = "iPhone Developer";
				COPY_PHASE_STRIP = NO;
				DEBUG_INFORMATION_FORMAT = dwarf;
				ENABLE_STRICT_OBJC_MSGSEND = YES;
				ENABLE_TESTABILITY = YES;
				GCC_C_LANGUAGE_STANDARD = gnu11;
				GCC_DYNAMIC_NO_PIC = NO;
				GCC_NO_COMMON_BLOCKS = YES;
				GCC_OPTIMIZATION_LEVEL = 0;
				GCC_PREPROCESSOR_DEFINITIONS = (
					"DEBUG=1",
					"$(inherited)",
				);
				GCC_WARN_64_TO_32_BIT_CONVERSION = YES;
				GCC_WARN_ABOUT_RETURN_TYPE = YES_ERROR;
				GCC_WARN_UNDECLARED_SELECTOR = YES;
				GCC_WARN_UNINITIALIZED_AUTOS = YES_AGGRESSIVE;
				GCC_WARN_UNUSED_FUNCTION = YES;
				GCC_WARN_UNUSED_VARIABLE = YES;
				IPHONEOS_DEPLOYMENT_TARGET = 12.1;
				MTL_ENABLE_DEBUG_INFO = INCLUDE_SOURCE;
				MTL_FAST_MATH = YES;
				ONLY_ACTIVE_ARCH = YES;
				SDKROOT = iphoneos;
				SWIFT_ACTIVE_COMPILATION_CONDITIONS = DEBUG;
				SWIFT_OPTIMIZATION_LEVEL = "-Onone";
			};
			name = Debug;
		};
		FBB2942B23909B8100ECDC43 /* Release */ = {
			isa = XCBuildConfiguration;
			buildSettings = {
				ALWAYS_SEARCH_USER_PATHS = NO;
				CLANG_ANALYZER_NONNULL = YES;
				CLANG_ANALYZER_NUMBER_OBJECT_CONVERSION = YES_AGGRESSIVE;
				CLANG_CXX_LANGUAGE_STANDARD = "gnu++14";
				CLANG_CXX_LIBRARY = "libc++";
				CLANG_ENABLE_MODULES = YES;
				CLANG_ENABLE_OBJC_ARC = YES;
				CLANG_ENABLE_OBJC_WEAK = YES;
				CLANG_WARN_BLOCK_CAPTURE_AUTORELEASING = YES;
				CLANG_WARN_BOOL_CONVERSION = YES;
				CLANG_WARN_COMMA = YES;
				CLANG_WARN_CONSTANT_CONVERSION = YES;
				CLANG_WARN_DEPRECATED_OBJC_IMPLEMENTATIONS = YES;
				CLANG_WARN_DIRECT_OBJC_ISA_USAGE = YES_ERROR;
				CLANG_WARN_DOCUMENTATION_COMMENTS = YES;
				CLANG_WARN_EMPTY_BODY = YES;
				CLANG_WARN_ENUM_CONVERSION = YES;
				CLANG_WARN_INFINITE_RECURSION = YES;
				CLANG_WARN_INT_CONVERSION = YES;
				CLANG_WARN_NON_LITERAL_NULL_CONVERSION = YES;
				CLANG_WARN_OBJC_IMPLICIT_RETAIN_SELF = YES;
				CLANG_WARN_OBJC_LITERAL_CONVERSION = YES;
				CLANG_WARN_OBJC_ROOT_CLASS = YES_ERROR;
				CLANG_WARN_RANGE_LOOP_ANALYSIS = YES;
				CLANG_WARN_STRICT_PROTOTYPES = YES;
				CLANG_WARN_SUSPICIOUS_MOVE = YES;
				CLANG_WARN_UNGUARDED_AVAILABILITY = YES_AGGRESSIVE;
				CLANG_WARN_UNREACHABLE_CODE = YES;
				CLANG_WARN__DUPLICATE_METHOD_MATCH = YES;
				CODE_SIGN_IDENTITY = "iPhone Developer";
				COPY_PHASE_STRIP = NO;
				DEBUG_INFORMATION_FORMAT = "dwarf-with-dsym";
				ENABLE_NS_ASSERTIONS = NO;
				ENABLE_STRICT_OBJC_MSGSEND = YES;
				GCC_C_LANGUAGE_STANDARD = gnu11;
				GCC_NO_COMMON_BLOCKS = YES;
				GCC_WARN_64_TO_32_BIT_CONVERSION = YES;
				GCC_WARN_ABOUT_RETURN_TYPE = YES_ERROR;
				GCC_WARN_UNDECLARED_SELECTOR = YES;
				GCC_WARN_UNINITIALIZED_AUTOS = YES_AGGRESSIVE;
				GCC_WARN_UNUSED_FUNCTION = YES;
				GCC_WARN_UNUSED_VARIABLE = YES;
				IPHONEOS_DEPLOYMENT_TARGET = 12.1;
				MTL_ENABLE_DEBUG_INFO = NO;
				MTL_FAST_MATH = YES;
				SDKROOT = iphoneos;
				SWIFT_COMPILATION_MODE = wholemodule;
				SWIFT_OPTIMIZATION_LEVEL = "-O";
				VALIDATE_PRODUCT = YES;
			};
			name = Release;
		};
		FBB2942D23909B8100ECDC43 /* Debug */ = {
			isa = XCBuildConfiguration;
			buildSettings = {
				ASSETCATALOG_COMPILER_APPICON_NAME = AppIcon;
				CODE_SIGN_STYLE = Automatic;
				INFOPLIST_FILE = Clase6/Info.plist;
				LD_RUNPATH_SEARCH_PATHS = (
					"$(inherited)",
					"@executable_path/Frameworks",
				);
				PRODUCT_BUNDLE_IDENTIFIER = pe.area51.Clase6;
				PRODUCT_NAME = "$(TARGET_NAME)";
				SWIFT_VERSION = 4.2;
				TARGETED_DEVICE_FAMILY = "1,2";
			};
			name = Debug;
		};
		FBB2942E23909B8100ECDC43 /* Release */ = {
			isa = XCBuildConfiguration;
			buildSettings = {
				ASSETCATALOG_COMPILER_APPICON_NAME = AppIcon;
				CODE_SIGN_STYLE = Automatic;
				INFOPLIST_FILE = Clase6/Info.plist;
				LD_RUNPATH_SEARCH_PATHS = (
					"$(inherited)",
					"@executable_path/Frameworks",
				);
				PRODUCT_BUNDLE_IDENTIFIER = pe.area51.Clase6;
				PRODUCT_NAME = "$(TARGET_NAME)";
				SWIFT_VERSION = 4.2;
				TARGETED_DEVICE_FAMILY = "1,2";
			};
			name = Release;
		};
/* End XCBuildConfiguration section */

/* Begin XCConfigurationList section */
		FBB2941523909B7D00ECDC43 /* Build configuration list for PBXProject "Clase6" */ = {
			isa = XCConfigurationList;
			buildConfigurations = (
				FBB2942A23909B8100ECDC43 /* Debug */,
				FBB2942B23909B8100ECDC43 /* Release */,
			);
			defaultConfigurationIsVisible = 0;
			defaultConfigurationName = Release;
		};
		FBB2942C23909B8100ECDC43 /* Build configuration list for PBXNativeTarget "Clase6" */ = {
			isa = XCConfigurationList;
			buildConfigurations = (
				FBB2942D23909B8100ECDC43 /* Debug */,
				FBB2942E23909B8100ECDC43 /* Release */,
			);
			defaultConfigurationIsVisible = 0;
			defaultConfigurationName = Release;
		};
/* End XCConfigurationList section */
	};
	rootObject = FBB2941223909B7D00ECDC43 /* Project object */;
}
